// !$*UTF8*$!
{
	archiveVersion = 1;
	classes = {
	};
	objectVersion = 48;
	objects = {

/* Begin PBXBuildFile section */
		C6D4D9242032EF9B0032AE09 /* AppDelegate.swift in Sources */ = {isa = PBXBuildFile; fileRef = C6D4D9232032EF9B0032AE09 /* AppDelegate.swift */; };
		C6D4D9262032EF9B0032AE09 /* ViewController.swift in Sources */ = {isa = PBXBuildFile; fileRef = C6D4D9252032EF9B0032AE09 /* ViewController.swift */; };
		C6D4D9292032EF9B0032AE09 /* Main.storyboard in Resources */ = {isa = PBXBuildFile; fileRef = C6D4D9272032EF9B0032AE09 /* Main.storyboard */; };
		C6D4D92B2032EF9B0032AE09 /* Assets.xcassets in Resources */ = {isa = PBXBuildFile; fileRef = C6D4D92A2032EF9B0032AE09 /* Assets.xcassets */; };
		C6D4D92E2032EF9B0032AE09 /* LaunchScreen.storyboard in Resources */ = {isa = PBXBuildFile; fileRef = C6D4D92C2032EF9B0032AE09 /* LaunchScreen.storyboard */; };
		C6D4D9362032F08B0032AE09 /* MultiPart.swift in Sources */ = {isa = PBXBuildFile; fileRef = C6D4D9352032F08B0032AE09 /* MultiPart.swift */; };
/* End PBXBuildFile section */

/* Begin PBXFileReference section */
		C6D4D9202032EF9B0032AE09 /* MultiPartSwift.app */ = {isa = PBXFileReference; explicitFileType = wrapper.application; includeInIndex = 0; path = MultiPartSwift.app; sourceTree = BUILT_PRODUCTS_DIR; };
		C6D4D9232032EF9B0032AE09 /* AppDelegate.swift */ = {isa = PBXFileReference; lastKnownFileType = sourcecode.swift; path = AppDelegate.swift; sourceTree = "<group>"; };
		C6D4D9252032EF9B0032AE09 /* ViewController.swift */ = {isa = PBXFileReference; lastKnownFileType = sourcecode.swift; path = ViewController.swift; sourceTree = "<group>"; };
		C6D4D9282032EF9B0032AE09 /* Base */ = {isa = PBXFileReference; lastKnownFileType = file.storyboard; name = Base; path = Base.lproj/Main.storyboard; sourceTree = "<group>"; };
		C6D4D92A2032EF9B0032AE09 /* Assets.xcassets */ = {isa = PBXFileReference; lastKnownFileType = folder.assetcatalog; path = Assets.xcassets; sourceTree = "<group>"; };
		C6D4D92D2032EF9B0032AE09 /* Base */ = {isa = PBXFileReference; lastKnownFileType = file.storyboard; name = Base; path = Base.lproj/LaunchScreen.storyboard; sourceTree = "<group>"; };
		C6D4D92F2032EF9B0032AE09 /* Info.plist */ = {isa = PBXFileReference; lastKnownFileType = text.plist.xml; path = Info.plist; sourceTree = "<group>"; };
		C6D4D9352032F08B0032AE09 /* MultiPart.swift */ = {isa = PBXFileReference; lastKnownFileType = sourcecode.swift; path = MultiPart.swift; sourceTree = "<group>"; };
/* End PBXFileReference section */

/* Begin PBXFrameworksBuildPhase section */
		C6D4D91D2032EF9B0032AE09 /* Frameworks */ = {
			isa = PBXFrameworksBuildPhase;
			buildActionMask = 2147483647;
			files = (
			);
			runOnlyForDeploymentPostprocessing = 0;
		};
/* End PBXFrameworksBuildPhase section */

/* Begin PBXGroup section */
		C6D4D9172032EF9B0032AE09 = {
			isa = PBXGroup;
			children = (
				C6D4D9222032EF9B0032AE09 /* MultiPartSwift */,
				C6D4D9212032EF9B0032AE09 /* Products */,
			);
			sourceTree = "<group>";
		};
		C6D4D9212032EF9B0032AE09 /* Products */ = {
			isa = PBXGroup;
			children = (
				C6D4D9202032EF9B0032AE09 /* MultiPartSwift.app */,
			);
			name = Products;
			sourceTree = "<group>";
		};
		C6D4D9222032EF9B0032AE09 /* MultiPartSwift */ = {
			isa = PBXGroup;
			children = (
				C6D4D9352032F08B0032AE09 /* MultiPart.swift */,
				C6D4D9232032EF9B0032AE09 /* AppDelegate.swift */,
				C6D4D9252032EF9B0032AE09 /* ViewController.swift */,
				C6D4D9272032EF9B0032AE09 /* Main.storyboard */,
				C6D4D92A2032EF9B0032AE09 /* Assets.xcassets */,
				C6D4D92C2032EF9B0032AE09 /* LaunchScreen.storyboard */,
				C6D4D92F2032EF9B0032AE09 /* Info.plist */,
			);
			path = MultiPartSwift;
			sourceTree = "<group>";
		};
/* End PBXGroup section */

/* Begin PBXNativeTarget section */
		C6D4D91F2032EF9B0032AE09 /* MultiPartSwift */ = {
			isa = PBXNativeTarget;
			buildConfigurationList = C6D4D9322032EF9B0032AE09 /* Build configuration list for PBXNativeTarget "MultiPartSwift" */;
			buildPhases = (
				C6D4D91C2032EF9B0032AE09 /* Sources */,
				C6D4D91D2032EF9B0032AE09 /* Frameworks */,
				C6D4D91E2032EF9B0032AE09 /* Resources */,
			);
			buildRules = (
			);
			dependencies = (
			);
			name = MultiPartSwift;
			productName = MultiPartSwift;
			productReference = C6D4D9202032EF9B0032AE09 /* MultiPartSwift.app */;
			productType = "com.apple.product-type.application";
		};
/* End PBXNativeTarget section */

/* Begin PBXProject section */
		C6D4D9182032EF9B0032AE09 /* Project object */ = {
			isa = PBXProject;
			attributes = {
				LastSwiftUpdateCheck = 0920;
				LastUpgradeCheck = 1100;
				ORGANIZATIONNAME = Datt;
				TargetAttributes = {
					C6D4D91F2032EF9B0032AE09 = {
						CreatedOnToolsVersion = 9.2;
						ProvisioningStyle = Manual;
					};
				};
			};
			buildConfigurationList = C6D4D91B2032EF9B0032AE09 /* Build configuration list for PBXProject "MultiPartSwift" */;
			compatibilityVersion = "Xcode 8.0";
			developmentRegion = en;
			hasScannedForEncodings = 0;
			knownRegions = (
				en,
				Base,
			);
			mainGroup = C6D4D9172032EF9B0032AE09;
			productRefGroup = C6D4D9212032EF9B0032AE09 /* Products */;
			projectDirPath = "";
			projectRoot = "";
			targets = (
				C6D4D91F2032EF9B0032AE09 /* MultiPartSwift */,
			);
		};
/* End PBXProject section */

/* Begin PBXResourcesBuildPhase section */
		C6D4D91E2032EF9B0032AE09 /* Resources */ = {
			isa = PBXResourcesBuildPhase;
			buildActionMask = 2147483647;
			files = (
				C6D4D92E2032EF9B0032AE09 /* LaunchScreen.storyboard in Resources */,
				C6D4D92B2032EF9B0032AE09 /* Assets.xcassets in Resources */,
				C6D4D9292032EF9B0032AE09 /* Main.storyboard in Resources */,
			);
			runOnlyForDeploymentPostprocessing = 0;
		};
/* End PBXResourcesBuildPhase section */

/* Begin PBXSourcesBuildPhase section */
		C6D4D91C2032EF9B0032AE09 /* Sources */ = {
			isa = PBXSourcesBuildPhase;
			buildActionMask = 2147483647;
			files = (
				C6D4D9362032F08B0032AE09 /* MultiPart.swift in Sources */,
				C6D4D9262032EF9B0032AE09 /* ViewController.swift in Sources */,
				C6D4D9242032EF9B0032AE09 /* AppDelegate.swift in Sources */,
			);
			runOnlyForDeploymentPostprocessing = 0;
		};
/* End PBXSourcesBuildPhase section */

/* Begin PBXVariantGroup section */
		C6D4D9272032EF9B0032AE09 /* Main.storyboard */ = {
			isa = PBXVariantGroup;
			children = (
				C6D4D9282032EF9B0032AE09 /* Base */,
			);
			name = Main.storyboard;
			sourceTree = "<group>";
		};
		C6D4D92C2032EF9B0032AE09 /* LaunchScreen.storyboard */ = {
			isa = PBXVariantGroup;
			children = (
				C6D4D92D2032EF9B0032AE09 /* Base */,
			);
			name = LaunchScreen.storyboard;
			sourceTree = "<group>";
		};
/* End PBXVariantGroup section */

/* Begin XCBuildConfiguration section */
		C6D4D9302032EF9B0032AE09 /* Debug */ = {
			isa = XCBuildConfiguration;
			buildSettings = {
				ALWAYS_SEARCH_USER_PATHS = NO;
				CLANG_ANALYZER_NONNULL = YES;
				CLANG_ANALYZER_NUMBER_OBJECT_CONVERSION = YES_AGGRESSIVE;
				CLANG_CXX_LANGUAGE_STANDARD = "gnu++14";
				CLANG_CXX_LIBRARY = "libc++";
				CLANG_ENABLE_MODULES = YES;
				CLANG_ENABLE_OBJC_ARC = YES;
				CLANG_WARN_BLOCK_CAPTURE_AUTORELEASING = YES;
				CLANG_WARN_BOOL_CONVERSION = YES;
				CLANG_WARN_COMMA = YES;
				CLANG_WARN_CONSTANT_CONVERSION = YES;
				CLANG_WARN_DEPRECATED_OBJC_IMPLEMENTATIONS = YES;
				CLANG_WARN_DIRECT_OBJC_ISA_USAGE = YES_ERROR;
				CLANG_WARN_DOCUMENTATION_COMMENTS = YES;
				CLANG_WARN_EMPTY_BODY = YES;
				CLANG_WARN_ENUM_CONVERSION = YES;
				CLANG_WARN_INFINITE_RECURSION = YES;
				CLANG_WARN_INT_CONVERSION = YES;
				CLANG_WARN_NON_LITERAL_NULL_CONVERSION = YES;
				CLANG_WARN_OBJC_IMPLICIT_RETAIN_SELF = YES;
				CLANG_WARN_OBJC_LITERAL_CONVERSION = YES;
				CLANG_WARN_OBJC_ROOT_CLASS = YES_ERROR;
				CLANG_WARN_RANGE_LOOP_ANALYSIS = YES;
				CLANG_WARN_STRICT_PROTOTYPES = YES;
				CLANG_WARN_SUSPICIOUS_MOVE = YES;
				CLANG_WARN_UNGUARDED_AVAILABILITY = YES_AGGRESSIVE;
				CLANG_WARN_UNREACHABLE_CODE = YES;
				CLANG_WARN__DUPLICATE_METHOD_MATCH = YES;
				CODE_SIGN_IDENTITY = "iPhone Developer";
				COPY_PHASE_STRIP = NO;
				DEBUG_INFORMATION_FORMAT = dwarf;
				ENABLE_STRICT_OBJC_MSGSEND = YES;
				ENABLE_TESTABILITY = YES;
				GCC_C_LANGUAGE_STANDARD = gnu11;
				GCC_DYNAMIC_NO_PIC = NO;
				GCC_NO_COMMON_BLOCKS = YES;
				GCC_OPTIMIZATION_LEVEL = 0;
				GCC_PREPROCESSOR_DEFINITIONS = (
					"DEBUG=1",
					"$(inherited)",
				);
				GCC_WARN_64_TO_32_BIT_CONVERSION = YES;
				GCC_WARN_ABOUT_RETURN_TYPE = YES_ERROR;
				GCC_WARN_UNDECLARED_SELECTOR = YES;
				GCC_WARN_UNINITIALIZED_AUTOS = YES_AGGRESSIVE;
				GCC_WARN_UNUSED_FUNCTION = YES;
				GCC_WARN_UNUSED_VARIABLE = YES;
				IPHONEOS_DEPLOYMENT_TARGET = 11.2;
				MTL_ENABLE_DEBUG_INFO = YES;
				ONLY_ACTIVE_ARCH = YES;
				SDKROOT = iphoneos;
				SWIFT_ACTIVE_COMPILATION_CONDITIONS = DEBUG;
				SWIFT_OPTIMIZATION_LEVEL = "-Onone";
			};
			name = Debug;
		};
		C6D4D9312032EF9B0032AE09 /* Release */ = {
			isa = XCBuildConfiguration;
			buildSettings = {
				ALWAYS_SEARCH_USER_PATHS = NO;
				CLANG_ANALYZER_NONNULL = YES;
				CLANG_ANALYZER_NUMBER_OBJECT_CONVERSION = YES_AGGRESSIVE;
				CLANG_CXX_LANGUAGE_STANDARD = "gnu++14";
				CLANG_CXX_LIBRARY = "libc++";
				CLANG_ENABLE_MODULES = YES;
				CLANG_ENABLE_OBJC_ARC = YES;
				CLANG_WARN_BLOCK_CAPTURE_AUTORELEASING = YES;
				CLANG_WARN_BOOL_CONVERSION = YES;
				CLANG_WARN_COMMA = YES;
				CLANG_WARN_CONSTANT_CONVERSION = YES;
				CLANG_WARN_DEPRECATED_OBJC_IMPLEMENTATIONS = YES;
				CLANG_WARN_DIRECT_OBJC_ISA_USAGE = YES_ERROR;
				CLANG_WARN_DOCUMENTATION_COMMENTS = YES;
				CLANG_WARN_EMPTY_BODY = YES;
				CLANG_WARN_ENUM_CONVERSION = YES;
				CLANG_WARN_INFINITE_RECURSION = YES;
				CLANG_WARN_INT_CONVERSION = YES;
				CLANG_WARN_NON_LITERAL_NULL_CONVERSION = YES;
				CLANG_WARN_OBJC_IMPLICIT_RETAIN_SELF = YES;
				CLANG_WARN_OBJC_LITERAL_CONVERSION = YES;
				CLANG_WARN_OBJC_ROOT_CLASS = YES_ERROR;
				CLANG_WARN_RANGE_LOOP_ANALYSIS = YES;
				CLANG_WARN_STRICT_PROTOTYPES = YES;
				CLANG_WARN_SUSPICIOUS_MOVE = YES;
				CLANG_WARN_UNGUARDED_AVAILABILITY = YES_AGGRESSIVE;
				CLANG_WARN_UNREACHABLE_CODE = YES;
				CLANG_WARN__DUPLICATE_METHOD_MATCH = YES;
				CODE_SIGN_IDENTITY = "iPhone Developer";
				COPY_PHASE_STRIP = NO;
				DEBUG_INFORMATION_FORMAT = "dwarf-with-dsym";
				ENABLE_NS_ASSERTIONS = NO;
				ENABLE_STRICT_OBJC_MSGSEND = YES;
				GCC_C_LANGUAGE_STANDARD = gnu11;
				GCC_NO_COMMON_BLOCKS = YES;
				GCC_WARN_64_TO_32_BIT_CONVERSION = YES;
				GCC_WARN_ABOUT_RETURN_TYPE = YES_ERROR;
				GCC_WARN_UNDECLARED_SELECTOR = YES;
				GCC_WARN_UNINITIALIZED_AUTOS = YES_AGGRESSIVE;
				GCC_WARN_UNUSED_FUNCTION = YES;
				GCC_WARN_UNUSED_VARIABLE = YES;
				IPHONEOS_DEPLOYMENT_TARGET = 11.2;
				MTL_ENABLE_DEBUG_INFO = NO;
				SDKROOT = iphoneos;
				SWIFT_OPTIMIZATION_LEVEL = "-Owholemodule";
				VALIDATE_PRODUCT = YES;
			};
			name = Release;
		};
		C6D4D9332032EF9B0032AE09 /* Debug */ = {
			isa = XCBuildConfiguration;
			buildSettings = {
				ASSETCATALOG_COMPILER_APPICON_NAME = AppIcon;
				CODE_SIGN_STYLE = Manual;
				DEVELOPMENT_TEAM = "";
				INFOPLIST_FILE = MultiPartSwift/Info.plist;
				LD_RUNPATH_SEARCH_PATHS = "$(inherited) @executable_path/Frameworks";
				PRODUCT_BUNDLE_IDENTIFIER = com.Datt.MultiPartSwift;
				PRODUCT_NAME = "$(TARGET_NAME)";
				PROVISIONING_PROFILE_SPECIFIER = "";
				SWIFT_VERSION = 5.0;
				TARGETED_DEVICE_FAMILY = "1,2";
			};
			name = Debug;
		};
		C6D4D9342032EF9B0032AE09 /* Release */ = {
			isa = XCBuildConfiguration;
			buildSettings = {
				ASSETCATALOG_COMPILER_APPICON_NAME = AppIcon;
				CODE_SIGN_STYLE = Manual;
				DEVELOPMENT_TEAM = "";
				INFOPLIST_FILE = MultiPartSwift/Info.plist;
				LD_RUNPATH_SEARCH_PATHS = "$(inherited) @executable_path/Frameworks";
				PRODUCT_BUNDLE_IDENTIFIER = com.Datt.MultiPartSwift;
				PRODUCT_NAME = "$(TARGET_NAME)";
				PROVISIONING_PROFILE_SPECIFIER = "";
				SWIFT_VERSION = 5.0;
				TARGETED_DEVICE_FAMILY = "1,2";
			};
			name = Release;
		};
/* End XCBuildConfiguration section */

/* Begin XCConfigurationList section */
		C6D4D91B2032EF9B0032AE09 /* Build configuration list for PBXProject "MultiPartSwift" */ = {
			isa = XCConfigurationList;
			buildConfigurations = (
				C6D4D9302032EF9B0032AE09 /* Debug */,
				C6D4D9312032EF9B0032AE09 /* Release */,
			);
			defaultConfigurationIsVisible = 0;
			defaultConfigurationName = Release;
		};
		C6D4D9322032EF9B0032AE09 /* Build configuration list for PBXNativeTarget "MultiPartSwift" */ = {
			isa = XCConfigurationList;
			buildConfigurations = (
				C6D4D9332032EF9B0032AE09 /* Debug */,
				C6D4D9342032EF9B0032AE09 /* Release */,
			);
			defaultConfigurationIsVisible = 0;
			defaultConfigurationName = Release;
		};
/* End XCConfigurationList section */
	};
	rootObject = C6D4D9182032EF9B0032AE09 /* Project object */;
}
